GEM
  remote: https://rubygems.org/
  specs:
    aws-eventstream (1.4.0)
    aws-partitions (1.1196.0)
    aws-sdk-autoscaling (1.44.0)
      aws-sdk-core (~> 3, >= 3.99.0)
      aws-sigv4 (~> 1.1)
    aws-sdk-core (3.240.0)
      aws-eventstream (~> 1, >= 1.3.0)
      aws-partitions (~> 1, >= 1.992.0)
      aws-sigv4 (~> 1.9)
      base64
      bigdecimal
      jmespath (~> 1, >= 1.6.1)
      logger
    aws-sdk-ec2 (1.187.0)
      aws-sdk-core (~> 3, >= 3.99.0)
      aws-sigv4 (~> 1.1)
    aws-sdk-kms (1.118.0)
      aws-sdk-core (~> 3, >= 3.239.1)
      aws-sigv4 (~> 1.5)
    aws-sdk-rds (1.100.0)
      aws-sdk-core (~> 3, >= 3.99.0)
      aws-sigv4 (~> 1.1)
    aws-sdk-route53 (1.40.0)
      aws-sdk-core (~> 3, >= 3.99.0)
      aws-sigv4 (~> 1.1)
    aws-sdk-s3 (1.208.0)
      aws-sdk-core (~> 3, >= 3.234.0)
      aws-sdk-kms (~> 1)
      aws-sigv4 (~> 1.5)
    aws-sigv4 (1.12.1)
      aws-eventstream (~> 1, >= 1.0.2)
    base64 (0.3.0)
    bigdecimal (4.0.1)
    faraday (1.0.1)
      multipart-post (>= 1.2, < 3)
    faraday_middleware (1.0.0)
      faraday (~> 1.0)
    gli (2.19.2)
    hashie (4.1.0)
    jmespath (1.6.2)
    json (2.3.1)
    logger (1.7.0)
    multipart-post (2.1.1)
    slack-notifier (2.3.2)
    slack-ruby-client (0.15.0)
      faraday (>= 1.0)
      faraday_middleware
      gli
      hashie
      websocket-driver
    websocket-driver (0.7.3)
      websocket-extensions (>= 0.1.0)
    websocket-extensions (0.1.5)

PLATFORMS
  ruby

DEPENDENCIES
  aws-sdk-autoscaling (~> 1.44)
  aws-sdk-ec2
  aws-sdk-rds
  aws-sdk-route53 (~> 1.40)
  aws-sdk-s3
  json (>= 2.3.1)
  slack-notifier
  slack-ruby-client

BUNDLED WITH
   2.1.4
